{
  "name": "dnsforwarding.com",
  "version": "1.0.0",
  "lockfileVersion": 1,
  "requires": true,
  "dependencies": {
    "simple-base": {
      "version": "1.0.0",
      "resolved": "https://registry.npmjs.org/simple-base/-/simple-base-1.0.0.tgz",
      "integrity": "sha512-T47YK2QTL5sg7qCMtHxfxGEEWgZuxwnl6IGD+6uuqFDX76Gip4W68A/J+nzwGikSZr6ot90/Mds4xDOQTlT9tQ==",
      "dev": true
    }
  }
}
